
Microsoft Visual Studio Solution File, Format Version 12.00
# Visual Studio Version 17
VisualStudioVersion = 17.3.32901.215
MinimumVisualStudioVersion = 10.0.40219.1
Project("{FAE04EC0-301F-11D3-BF4B-00C04F79EFBC}") = "SimpleToggleButton", "SimpleToggleButton.csproj", "{A6CC143F-5716-49F5-A9BD-846A8247CCA4}"
EndProject
Global
	GlobalSection(SolutionConfigurationPlatforms) = preSolution
		Debug|Any CPU = Debug|Any CPU
		Debug|x64 = Debug|x64
		Release|Any CPU = Release|Any CPU
		Release|x64 = Release|x64
	EndGlobalSection
	GlobalSection(ProjectConfigurationPlatforms) = postSolution
		{A6CC143F-5716-49F5-A9BD-846A8247CCA4}.Debug|Any CPU.ActiveCfg = Debug|Any CPU
		{A6CC143F-5716-49F5-A9BD-846A8247CCA4}.Debug|Any CPU.Build.0 = Debug|Any CPU
		{A6CC143F-5716-49F5-A9BD-846A8247CCA4}.Debug|x64.ActiveCfg = Debug|x64
		{A6CC143F-5716-49F5-A9BD-846A8247CCA4}.Debug|x64.Build.0 = Debug|x64
		{A6CC143F-5716-49F5-A9BD-846A8247CCA4}.Release|Any CPU.ActiveCfg = Release|Any CPU
		{A6CC143F-5716-49F5-A9BD-846A8247CCA4}.Release|Any CPU.Build.0 = Release|Any CPU
		{A6CC143F-5716-49F5-A9BD-846A8247CCA4}.Release|x64.ActiveCfg = Release|x64
		{A6CC143F-5716-49F5-A9BD-846A8247CCA4}.Release|x64.Build.0 = Release|x64
	EndGlobalSection
	GlobalSection(SolutionProperties) = preSolution
		HideSolutionNode = FALSE
	EndGlobalSection
	GlobalSection(ExtensibilityGlobals) = postSolution
		SolutionGuid = {53463C2B-9E61-48B2-A8BC-46B9FFE80CD6}
	EndGlobalSection
EndGlobal
